PODS:
  - CocoaLumberjack (2.3.0):
    - CocoaLumberjack/Default (= 2.3.0)
    - CocoaLumberjack/Extensions (= 2.3.0)
  - CocoaLumberjack/Core (2.3.0)
  - CocoaLumberjack/Default (2.3.0):
    - CocoaLumberjack/Core
  - CocoaLumberjack/Extensions (2.3.0):
    - CocoaLumberjack/Default
  - libextobjc/EXTScope (0.4.1):
    - libextobjc/RuntimeExtensions
  - libextobjc/RuntimeExtensions (0.4.1)
  - SDWebImage (3.8.2):
    - SDWebImage/Core (= 3.8.2)
  - SDWebImage/Core (3.8.2)
  - SRGMediaPlayer (1.9.11):
    - libextobjc/EXTScope (~> 0.4.1)
    - SRGMediaPlayer/Version (= 1.9.11)
    - TransitionKit (~> 2.2.0)
  - SRGMediaPlayer/Version (1.9.11):
    - libextobjc/EXTScope (~> 0.4.1)
    - TransitionKit (~> 2.2.0)
  - TransitionKit (2.2.1)

DEPENDENCIES:
  - CocoaLumberjack (~> 2.3.0)
  - SDWebImage (~> 3.8.0)
  - SRGMediaPlayer (from `.`)

EXTERNAL SOURCES:
  SRGMediaPlayer:
    :path: "."

SPEC CHECKSUMS:
  CocoaLumberjack: 97fab7ee5f507fe54445cca7ea80f926729cfd15
  libextobjc: a650fc1bf489a3d3a9bc2e621efa3e1006fc5471
  SDWebImage: '098e97e6176540799c27e804c96653ee0833d13c'
  SRGMediaPlayer: 70642b1f7a77622bac6cd126773119fb44c94d73
  TransitionKit: 9ceccda4cd0cdc0a05ef85eb235e5a3292c3c250

PODFILE CHECKSUM: 7a9efb623b86e8da0f5b6d08576d6f8339e6f718

COCOAPODS: 1.2.0
